
Microsoft Visual Studio Solution File, Format Version 12.00
# Visual Studio Version 16
VisualStudioVersion = 16.0.29215.179
MinimumVisualStudioVersion = 10.0.40219.1
Project("{8BC9CEB8-8B4A-11D0-8D11-00A0C91BC942}") = "BASIC168", "BASIC168\BASIC168.vcxproj", "{BDDD2D03-EB2E-43A6-AA30-95B4E83ACED9}"
EndProject
Global
	GlobalSection(SolutionConfigurationPlatforms) = preSolution
		Debug|x64 = Debug|x64
		Debug|x86 = Debug|x86
		Release|x64 = Release|x64
		Release|x86 = Release|x86
	EndGlobalSection
	GlobalSection(ProjectConfigurationPlatforms) = postSolution
		{BDDD2D03-EB2E-43A6-AA30-95B4E83ACED9}.Debug|x64.ActiveCfg = Debug|x64
		{BDDD2D03-EB2E-43A6-AA30-95B4E83ACED9}.Debug|x64.Build.0 = Debug|x64
		{BDDD2D03-EB2E-43A6-AA30-95B4E83ACED9}.Debug|x86.ActiveCfg = Debug|Win32
		{BDDD2D03-EB2E-43A6-AA30-95B4E83ACED9}.Debug|x86.Build.0 = Debug|Win32
		{BDDD2D03-EB2E-43A6-AA30-95B4E83ACED9}.Release|x64.ActiveCfg = Release|x64
		{BDDD2D03-EB2E-43A6-AA30-95B4E83ACED9}.Release|x64.Build.0 = Release|x64
		{BDDD2D03-EB2E-43A6-AA30-95B4E83ACED9}.Release|x86.ActiveCfg = Release|Win32
		{BDDD2D03-EB2E-43A6-AA30-95B4E83ACED9}.Release|x86.Build.0 = Release|Win32
	EndGlobalSection
	GlobalSection(SolutionProperties) = preSolution
		HideSolutionNode = FALSE
	EndGlobalSection
	GlobalSection(ExtensibilityGlobals) = postSolution
		SolutionGuid = {42B7578F-91CE-4016-BF7C-AB5FB613411A}
	EndGlobalSection
EndGlobal
