
Microsoft Visual Studio Solution File, Format Version 12.00
# Visual Studio Version 16
VisualStudioVersion = 16.0.29215.179
MinimumVisualStudioVersion = 10.0.40219.1
Project("{8BC9CEB8-8B4A-11D0-8D11-00A0C91BC942}") = "BASIC317", "BASIC317\BASIC317.vcxproj", "{BF00E52A-F1B1-4D16-BC5F-93AFC1E3D39F}"
EndProject
Global
	GlobalSection(SolutionConfigurationPlatforms) = preSolution
		Debug|x64 = Debug|x64
		Debug|x86 = Debug|x86
		Release|x64 = Release|x64
		Release|x86 = Release|x86
	EndGlobalSection
	GlobalSection(ProjectConfigurationPlatforms) = postSolution
		{BF00E52A-F1B1-4D16-BC5F-93AFC1E3D39F}.Debug|x64.ActiveCfg = Debug|x64
		{BF00E52A-F1B1-4D16-BC5F-93AFC1E3D39F}.Debug|x64.Build.0 = Debug|x64
		{BF00E52A-F1B1-4D16-BC5F-93AFC1E3D39F}.Debug|x86.ActiveCfg = Debug|Win32
		{BF00E52A-F1B1-4D16-BC5F-93AFC1E3D39F}.Debug|x86.Build.0 = Debug|Win32
		{BF00E52A-F1B1-4D16-BC5F-93AFC1E3D39F}.Release|x64.ActiveCfg = Release|x64
		{BF00E52A-F1B1-4D16-BC5F-93AFC1E3D39F}.Release|x64.Build.0 = Release|x64
		{BF00E52A-F1B1-4D16-BC5F-93AFC1E3D39F}.Release|x86.ActiveCfg = Release|Win32
		{BF00E52A-F1B1-4D16-BC5F-93AFC1E3D39F}.Release|x86.Build.0 = Release|Win32
	EndGlobalSection
	GlobalSection(SolutionProperties) = preSolution
		HideSolutionNode = FALSE
	EndGlobalSection
	GlobalSection(ExtensibilityGlobals) = postSolution
		SolutionGuid = {14DA6653-FF2B-4640-BE56-B0B546054EE1}
	EndGlobalSection
EndGlobal
