
Microsoft Visual Studio Solution File, Format Version 12.00
# Visual Studio Version 16
VisualStudioVersion = 16.0.29201.188
MinimumVisualStudioVersion = 10.0.40219.1
Project("{8BC9CEB8-8B4A-11D0-8D11-00A0C91BC942}") = "HOMEWORK136", "HOMEWORK136\HOMEWORK136.vcxproj", "{57D10A40-310E-4FC9-88A7-67DAF2E3D56F}"
EndProject
Global
	GlobalSection(SolutionConfigurationPlatforms) = preSolution
		Debug|x64 = Debug|x64
		Debug|x86 = Debug|x86
		Release|x64 = Release|x64
		Release|x86 = Release|x86
	EndGlobalSection
	GlobalSection(ProjectConfigurationPlatforms) = postSolution
		{57D10A40-310E-4FC9-88A7-67DAF2E3D56F}.Debug|x64.ActiveCfg = Debug|x64
		{57D10A40-310E-4FC9-88A7-67DAF2E3D56F}.Debug|x64.Build.0 = Debug|x64
		{57D10A40-310E-4FC9-88A7-67DAF2E3D56F}.Debug|x86.ActiveCfg = Debug|Win32
		{57D10A40-310E-4FC9-88A7-67DAF2E3D56F}.Debug|x86.Build.0 = Debug|Win32
		{57D10A40-310E-4FC9-88A7-67DAF2E3D56F}.Release|x64.ActiveCfg = Release|x64
		{57D10A40-310E-4FC9-88A7-67DAF2E3D56F}.Release|x64.Build.0 = Release|x64
		{57D10A40-310E-4FC9-88A7-67DAF2E3D56F}.Release|x86.ActiveCfg = Release|Win32
		{57D10A40-310E-4FC9-88A7-67DAF2E3D56F}.Release|x86.Build.0 = Release|Win32
	EndGlobalSection
	GlobalSection(SolutionProperties) = preSolution
		HideSolutionNode = FALSE
	EndGlobalSection
	GlobalSection(ExtensibilityGlobals) = postSolution
		SolutionGuid = {B036A132-61F7-4A8E-AF87-43ECF7E68F78}
	EndGlobalSection
EndGlobal
