
Microsoft Visual Studio Solution File, Format Version 12.00
# Visual Studio Version 16
VisualStudioVersion = 16.0.29215.179
MinimumVisualStudioVersion = 10.0.40219.1
Project("{8BC9CEB8-8B4A-11D0-8D11-00A0C91BC942}") = "BASIC224", "BASIC224\BASIC224.vcxproj", "{B35EC3F6-DC9B-4383-B88A-78F5833FC411}"
EndProject
Global
	GlobalSection(SolutionConfigurationPlatforms) = preSolution
		Debug|x64 = Debug|x64
		Debug|x86 = Debug|x86
		Release|x64 = Release|x64
		Release|x86 = Release|x86
	EndGlobalSection
	GlobalSection(ProjectConfigurationPlatforms) = postSolution
		{B35EC3F6-DC9B-4383-B88A-78F5833FC411}.Debug|x64.ActiveCfg = Debug|x64
		{B35EC3F6-DC9B-4383-B88A-78F5833FC411}.Debug|x64.Build.0 = Debug|x64
		{B35EC3F6-DC9B-4383-B88A-78F5833FC411}.Debug|x86.ActiveCfg = Debug|Win32
		{B35EC3F6-DC9B-4383-B88A-78F5833FC411}.Debug|x86.Build.0 = Debug|Win32
		{B35EC3F6-DC9B-4383-B88A-78F5833FC411}.Release|x64.ActiveCfg = Release|x64
		{B35EC3F6-DC9B-4383-B88A-78F5833FC411}.Release|x64.Build.0 = Release|x64
		{B35EC3F6-DC9B-4383-B88A-78F5833FC411}.Release|x86.ActiveCfg = Release|Win32
		{B35EC3F6-DC9B-4383-B88A-78F5833FC411}.Release|x86.Build.0 = Release|Win32
	EndGlobalSection
	GlobalSection(SolutionProperties) = preSolution
		HideSolutionNode = FALSE
	EndGlobalSection
	GlobalSection(ExtensibilityGlobals) = postSolution
		SolutionGuid = {24817B81-6E40-47E5-B1A6-B5470E5F0F8C}
	EndGlobalSection
EndGlobal
