
Microsoft Visual Studio Solution File, Format Version 12.00
# Visual Studio Version 16
VisualStudioVersion = 16.0.29123.88
MinimumVisualStudioVersion = 10.0.40219.1
Project("{8BC9CEB8-8B4A-11D0-8D11-00A0C91BC942}") = "TEST26-1-1", "TEST26-1-1\TEST26-1-1.vcxproj", "{6171E5F1-8296-4616-99D5-2F9F2C9DDC35}"
EndProject
Global
	GlobalSection(SolutionConfigurationPlatforms) = preSolution
		Debug|x64 = Debug|x64
		Debug|x86 = Debug|x86
		Release|x64 = Release|x64
		Release|x86 = Release|x86
	EndGlobalSection
	GlobalSection(ProjectConfigurationPlatforms) = postSolution
		{6171E5F1-8296-4616-99D5-2F9F2C9DDC35}.Debug|x64.ActiveCfg = Debug|x64
		{6171E5F1-8296-4616-99D5-2F9F2C9DDC35}.Debug|x64.Build.0 = Debug|x64
		{6171E5F1-8296-4616-99D5-2F9F2C9DDC35}.Debug|x86.ActiveCfg = Debug|Win32
		{6171E5F1-8296-4616-99D5-2F9F2C9DDC35}.Debug|x86.Build.0 = Debug|Win32
		{6171E5F1-8296-4616-99D5-2F9F2C9DDC35}.Release|x64.ActiveCfg = Release|x64
		{6171E5F1-8296-4616-99D5-2F9F2C9DDC35}.Release|x64.Build.0 = Release|x64
		{6171E5F1-8296-4616-99D5-2F9F2C9DDC35}.Release|x86.ActiveCfg = Release|Win32
		{6171E5F1-8296-4616-99D5-2F9F2C9DDC35}.Release|x86.Build.0 = Release|Win32
	EndGlobalSection
	GlobalSection(SolutionProperties) = preSolution
		HideSolutionNode = FALSE
	EndGlobalSection
	GlobalSection(ExtensibilityGlobals) = postSolution
		SolutionGuid = {0BADC900-6995-436D-9070-472E877B6961}
	EndGlobalSection
EndGlobal
