
Microsoft Visual Studio Solution File, Format Version 12.00
# Visual Studio Version 16
VisualStudioVersion = 16.0.29215.179
MinimumVisualStudioVersion = 10.0.40219.1
Project("{8BC9CEB8-8B4A-11D0-8D11-00A0C91BC942}") = "BASIC265", "BASIC265\BASIC265.vcxproj", "{FD5764B8-726C-41DA-9F8B-77FBC37517AA}"
EndProject
Global
	GlobalSection(SolutionConfigurationPlatforms) = preSolution
		Debug|x64 = Debug|x64
		Debug|x86 = Debug|x86
		Release|x64 = Release|x64
		Release|x86 = Release|x86
	EndGlobalSection
	GlobalSection(ProjectConfigurationPlatforms) = postSolution
		{FD5764B8-726C-41DA-9F8B-77FBC37517AA}.Debug|x64.ActiveCfg = Debug|x64
		{FD5764B8-726C-41DA-9F8B-77FBC37517AA}.Debug|x64.Build.0 = Debug|x64
		{FD5764B8-726C-41DA-9F8B-77FBC37517AA}.Debug|x86.ActiveCfg = Debug|Win32
		{FD5764B8-726C-41DA-9F8B-77FBC37517AA}.Debug|x86.Build.0 = Debug|Win32
		{FD5764B8-726C-41DA-9F8B-77FBC37517AA}.Release|x64.ActiveCfg = Release|x64
		{FD5764B8-726C-41DA-9F8B-77FBC37517AA}.Release|x64.Build.0 = Release|x64
		{FD5764B8-726C-41DA-9F8B-77FBC37517AA}.Release|x86.ActiveCfg = Release|Win32
		{FD5764B8-726C-41DA-9F8B-77FBC37517AA}.Release|x86.Build.0 = Release|Win32
	EndGlobalSection
	GlobalSection(SolutionProperties) = preSolution
		HideSolutionNode = FALSE
	EndGlobalSection
	GlobalSection(ExtensibilityGlobals) = postSolution
		SolutionGuid = {76E78DE5-B958-415C-BEFC-045ED7EAE01D}
	EndGlobalSection
EndGlobal
