
Microsoft Visual Studio Solution File, Format Version 12.00
# Visual Studio Version 16
VisualStudioVersion = 16.0.29201.188
MinimumVisualStudioVersion = 10.0.40219.1
Project("{8BC9CEB8-8B4A-11D0-8D11-00A0C91BC942}") = "HOMEWOKR167", "HOMEWOKR167\HOMEWOKR167.vcxproj", "{9B74FDFD-C71A-4AA7-899A-F27AA0765E45}"
EndProject
Global
	GlobalSection(SolutionConfigurationPlatforms) = preSolution
		Debug|x64 = Debug|x64
		Debug|x86 = Debug|x86
		Release|x64 = Release|x64
		Release|x86 = Release|x86
	EndGlobalSection
	GlobalSection(ProjectConfigurationPlatforms) = postSolution
		{9B74FDFD-C71A-4AA7-899A-F27AA0765E45}.Debug|x64.ActiveCfg = Debug|x64
		{9B74FDFD-C71A-4AA7-899A-F27AA0765E45}.Debug|x64.Build.0 = Debug|x64
		{9B74FDFD-C71A-4AA7-899A-F27AA0765E45}.Debug|x86.ActiveCfg = Debug|Win32
		{9B74FDFD-C71A-4AA7-899A-F27AA0765E45}.Debug|x86.Build.0 = Debug|Win32
		{9B74FDFD-C71A-4AA7-899A-F27AA0765E45}.Release|x64.ActiveCfg = Release|x64
		{9B74FDFD-C71A-4AA7-899A-F27AA0765E45}.Release|x64.Build.0 = Release|x64
		{9B74FDFD-C71A-4AA7-899A-F27AA0765E45}.Release|x86.ActiveCfg = Release|Win32
		{9B74FDFD-C71A-4AA7-899A-F27AA0765E45}.Release|x86.Build.0 = Release|Win32
	EndGlobalSection
	GlobalSection(SolutionProperties) = preSolution
		HideSolutionNode = FALSE
	EndGlobalSection
	GlobalSection(ExtensibilityGlobals) = postSolution
		SolutionGuid = {93D30E29-A405-4DFB-A1FC-01842AC5DE7F}
	EndGlobalSection
EndGlobal
