
Microsoft Visual Studio Solution File, Format Version 12.00
# Visual Studio Version 16
VisualStudioVersion = 16.0.29215.179
MinimumVisualStudioVersion = 10.0.40219.1
Project("{8BC9CEB8-8B4A-11D0-8D11-00A0C91BC942}") = "BASIC174", "BASIC174\BASIC174.vcxproj", "{F11BC7B1-85B1-45A6-BD61-7CD9D594CFE6}"
EndProject
Global
	GlobalSection(SolutionConfigurationPlatforms) = preSolution
		Debug|x64 = Debug|x64
		Debug|x86 = Debug|x86
		Release|x64 = Release|x64
		Release|x86 = Release|x86
	EndGlobalSection
	GlobalSection(ProjectConfigurationPlatforms) = postSolution
		{F11BC7B1-85B1-45A6-BD61-7CD9D594CFE6}.Debug|x64.ActiveCfg = Debug|x64
		{F11BC7B1-85B1-45A6-BD61-7CD9D594CFE6}.Debug|x64.Build.0 = Debug|x64
		{F11BC7B1-85B1-45A6-BD61-7CD9D594CFE6}.Debug|x86.ActiveCfg = Debug|Win32
		{F11BC7B1-85B1-45A6-BD61-7CD9D594CFE6}.Debug|x86.Build.0 = Debug|Win32
		{F11BC7B1-85B1-45A6-BD61-7CD9D594CFE6}.Release|x64.ActiveCfg = Release|x64
		{F11BC7B1-85B1-45A6-BD61-7CD9D594CFE6}.Release|x64.Build.0 = Release|x64
		{F11BC7B1-85B1-45A6-BD61-7CD9D594CFE6}.Release|x86.ActiveCfg = Release|Win32
		{F11BC7B1-85B1-45A6-BD61-7CD9D594CFE6}.Release|x86.Build.0 = Release|Win32
	EndGlobalSection
	GlobalSection(SolutionProperties) = preSolution
		HideSolutionNode = FALSE
	EndGlobalSection
	GlobalSection(ExtensibilityGlobals) = postSolution
		SolutionGuid = {0425DB0C-1339-4EEF-B9C3-4DE6C91FC0BD}
	EndGlobalSection
EndGlobal
