
Microsoft Visual Studio Solution File, Format Version 12.00
# Visual Studio Version 16
VisualStudioVersion = 16.0.29215.179
MinimumVisualStudioVersion = 10.0.40219.1
Project("{8BC9CEB8-8B4A-11D0-8D11-00A0C91BC942}") = "BASIC328", "BASIC328\BASIC328.vcxproj", "{6C778720-0A8D-4855-B0DE-CB2DF0936A98}"
EndProject
Global
	GlobalSection(SolutionConfigurationPlatforms) = preSolution
		Debug|x64 = Debug|x64
		Debug|x86 = Debug|x86
		Release|x64 = Release|x64
		Release|x86 = Release|x86
	EndGlobalSection
	GlobalSection(ProjectConfigurationPlatforms) = postSolution
		{6C778720-0A8D-4855-B0DE-CB2DF0936A98}.Debug|x64.ActiveCfg = Debug|x64
		{6C778720-0A8D-4855-B0DE-CB2DF0936A98}.Debug|x64.Build.0 = Debug|x64
		{6C778720-0A8D-4855-B0DE-CB2DF0936A98}.Debug|x86.ActiveCfg = Debug|Win32
		{6C778720-0A8D-4855-B0DE-CB2DF0936A98}.Debug|x86.Build.0 = Debug|Win32
		{6C778720-0A8D-4855-B0DE-CB2DF0936A98}.Release|x64.ActiveCfg = Release|x64
		{6C778720-0A8D-4855-B0DE-CB2DF0936A98}.Release|x64.Build.0 = Release|x64
		{6C778720-0A8D-4855-B0DE-CB2DF0936A98}.Release|x86.ActiveCfg = Release|Win32
		{6C778720-0A8D-4855-B0DE-CB2DF0936A98}.Release|x86.Build.0 = Release|Win32
	EndGlobalSection
	GlobalSection(SolutionProperties) = preSolution
		HideSolutionNode = FALSE
	EndGlobalSection
	GlobalSection(ExtensibilityGlobals) = postSolution
		SolutionGuid = {2FFFBBEF-D867-4446-BA97-806741FAE21D}
	EndGlobalSection
EndGlobal
