
Microsoft Visual Studio Solution File, Format Version 12.00
# Visual Studio Version 16
VisualStudioVersion = 16.0.29215.179
MinimumVisualStudioVersion = 10.0.40219.1
Project("{8BC9CEB8-8B4A-11D0-8D11-00A0C91BC942}") = "BASIC243", "BASIC243\BASIC243.vcxproj", "{2D4B6E4F-020A-49E0-85F9-5FBDD44DF9AE}"
EndProject
Global
	GlobalSection(SolutionConfigurationPlatforms) = preSolution
		Debug|x64 = Debug|x64
		Debug|x86 = Debug|x86
		Release|x64 = Release|x64
		Release|x86 = Release|x86
	EndGlobalSection
	GlobalSection(ProjectConfigurationPlatforms) = postSolution
		{2D4B6E4F-020A-49E0-85F9-5FBDD44DF9AE}.Debug|x64.ActiveCfg = Debug|x64
		{2D4B6E4F-020A-49E0-85F9-5FBDD44DF9AE}.Debug|x64.Build.0 = Debug|x64
		{2D4B6E4F-020A-49E0-85F9-5FBDD44DF9AE}.Debug|x86.ActiveCfg = Debug|Win32
		{2D4B6E4F-020A-49E0-85F9-5FBDD44DF9AE}.Debug|x86.Build.0 = Debug|Win32
		{2D4B6E4F-020A-49E0-85F9-5FBDD44DF9AE}.Release|x64.ActiveCfg = Release|x64
		{2D4B6E4F-020A-49E0-85F9-5FBDD44DF9AE}.Release|x64.Build.0 = Release|x64
		{2D4B6E4F-020A-49E0-85F9-5FBDD44DF9AE}.Release|x86.ActiveCfg = Release|Win32
		{2D4B6E4F-020A-49E0-85F9-5FBDD44DF9AE}.Release|x86.Build.0 = Release|Win32
	EndGlobalSection
	GlobalSection(SolutionProperties) = preSolution
		HideSolutionNode = FALSE
	EndGlobalSection
	GlobalSection(ExtensibilityGlobals) = postSolution
		SolutionGuid = {26F2315B-A175-438B-A742-59078E042B47}
	EndGlobalSection
EndGlobal
