
Microsoft Visual Studio Solution File, Format Version 12.00
# Visual Studio Version 16
VisualStudioVersion = 16.0.29215.179
MinimumVisualStudioVersion = 10.0.40219.1
Project("{8BC9CEB8-8B4A-11D0-8D11-00A0C91BC942}") = "BASIC307", "BASIC307\BASIC307.vcxproj", "{DEA9E8DD-0088-48DE-9492-CE914E117BDA}"
EndProject
Global
	GlobalSection(SolutionConfigurationPlatforms) = preSolution
		Debug|x64 = Debug|x64
		Debug|x86 = Debug|x86
		Release|x64 = Release|x64
		Release|x86 = Release|x86
	EndGlobalSection
	GlobalSection(ProjectConfigurationPlatforms) = postSolution
		{DEA9E8DD-0088-48DE-9492-CE914E117BDA}.Debug|x64.ActiveCfg = Debug|x64
		{DEA9E8DD-0088-48DE-9492-CE914E117BDA}.Debug|x64.Build.0 = Debug|x64
		{DEA9E8DD-0088-48DE-9492-CE914E117BDA}.Debug|x86.ActiveCfg = Debug|Win32
		{DEA9E8DD-0088-48DE-9492-CE914E117BDA}.Debug|x86.Build.0 = Debug|Win32
		{DEA9E8DD-0088-48DE-9492-CE914E117BDA}.Release|x64.ActiveCfg = Release|x64
		{DEA9E8DD-0088-48DE-9492-CE914E117BDA}.Release|x64.Build.0 = Release|x64
		{DEA9E8DD-0088-48DE-9492-CE914E117BDA}.Release|x86.ActiveCfg = Release|Win32
		{DEA9E8DD-0088-48DE-9492-CE914E117BDA}.Release|x86.Build.0 = Release|Win32
	EndGlobalSection
	GlobalSection(SolutionProperties) = preSolution
		HideSolutionNode = FALSE
	EndGlobalSection
	GlobalSection(ExtensibilityGlobals) = postSolution
		SolutionGuid = {BB45EC09-BAE6-4343-A8A2-7480AC35700C}
	EndGlobalSection
EndGlobal
