
Microsoft Visual Studio Solution File, Format Version 12.00
# Visual Studio Version 16
VisualStudioVersion = 16.0.29411.108
MinimumVisualStudioVersion = 10.0.40219.1
Project("{8BC9CEB8-8B4A-11D0-8D11-00A0C91BC942}") = "DestModel", "DestModel\DestModel.vcxproj", "{0E753677-2FE8-4443-A952-05B6EDB564BD}"
EndProject
Global
	GlobalSection(SolutionConfigurationPlatforms) = preSolution
		Debug|x64 = Debug|x64
		Debug|x86 = Debug|x86
		Release|x64 = Release|x64
		Release|x86 = Release|x86
	EndGlobalSection
	GlobalSection(ProjectConfigurationPlatforms) = postSolution
		{0E753677-2FE8-4443-A952-05B6EDB564BD}.Debug|x64.ActiveCfg = Debug|x64
		{0E753677-2FE8-4443-A952-05B6EDB564BD}.Debug|x64.Build.0 = Debug|x64
		{0E753677-2FE8-4443-A952-05B6EDB564BD}.Debug|x86.ActiveCfg = Debug|Win32
		{0E753677-2FE8-4443-A952-05B6EDB564BD}.Debug|x86.Build.0 = Debug|Win32
		{0E753677-2FE8-4443-A952-05B6EDB564BD}.Release|x64.ActiveCfg = Release|x64
		{0E753677-2FE8-4443-A952-05B6EDB564BD}.Release|x64.Build.0 = Release|x64
		{0E753677-2FE8-4443-A952-05B6EDB564BD}.Release|x86.ActiveCfg = Release|Win32
		{0E753677-2FE8-4443-A952-05B6EDB564BD}.Release|x86.Build.0 = Release|Win32
	EndGlobalSection
	GlobalSection(SolutionProperties) = preSolution
		HideSolutionNode = FALSE
	EndGlobalSection
	GlobalSection(ExtensibilityGlobals) = postSolution
		SolutionGuid = {CC937EF3-42DB-4DC2-A6C8-B7262A71BC36}
	EndGlobalSection
EndGlobal
