
Microsoft Visual Studio Solution File, Format Version 12.00
# Visual Studio Version 16
VisualStudioVersion = 16.0.29411.108
MinimumVisualStudioVersion = 10.0.40219.1
Project("{8BC9CEB8-8B4A-11D0-8D11-00A0C91BC942}") = "ConsoleOutput", "ConsoleOutput\ConsoleOutput.vcxproj", "{25DAD497-E053-415B-8426-7FA22FEF5798}"
EndProject
Global
	GlobalSection(SolutionConfigurationPlatforms) = preSolution
		Debug|x64 = Debug|x64
		Debug|x86 = Debug|x86
		Release|x64 = Release|x64
		Release|x86 = Release|x86
	EndGlobalSection
	GlobalSection(ProjectConfigurationPlatforms) = postSolution
		{25DAD497-E053-415B-8426-7FA22FEF5798}.Debug|x64.ActiveCfg = Debug|x64
		{25DAD497-E053-415B-8426-7FA22FEF5798}.Debug|x64.Build.0 = Debug|x64
		{25DAD497-E053-415B-8426-7FA22FEF5798}.Debug|x86.ActiveCfg = Debug|Win32
		{25DAD497-E053-415B-8426-7FA22FEF5798}.Debug|x86.Build.0 = Debug|Win32
		{25DAD497-E053-415B-8426-7FA22FEF5798}.Release|x64.ActiveCfg = Release|x64
		{25DAD497-E053-415B-8426-7FA22FEF5798}.Release|x64.Build.0 = Release|x64
		{25DAD497-E053-415B-8426-7FA22FEF5798}.Release|x86.ActiveCfg = Release|Win32
		{25DAD497-E053-415B-8426-7FA22FEF5798}.Release|x86.Build.0 = Release|Win32
	EndGlobalSection
	GlobalSection(SolutionProperties) = preSolution
		HideSolutionNode = FALSE
	EndGlobalSection
	GlobalSection(ExtensibilityGlobals) = postSolution
		SolutionGuid = {28697E9D-E26B-4EFE-A754-D21427C1DA08}
	EndGlobalSection
EndGlobal
