
Microsoft Visual Studio Solution File, Format Version 12.00
# Visual Studio Version 16
VisualStudioVersion = 16.0.29009.5
MinimumVisualStudioVersion = 10.0.40219.1
Project("{8BC9CEB8-8B4A-11D0-8D11-00A0C91BC942}") = "UsefulDoWhile", "UsefulDoWhile\UsefulDoWhile.vcxproj", "{134E04D9-CA4C-4860-B743-BE26EA0AA828}"
EndProject
Global
	GlobalSection(SolutionConfigurationPlatforms) = preSolution
		Debug|x64 = Debug|x64
		Debug|x86 = Debug|x86
		Release|x64 = Release|x64
		Release|x86 = Release|x86
	EndGlobalSection
	GlobalSection(ProjectConfigurationPlatforms) = postSolution
		{134E04D9-CA4C-4860-B743-BE26EA0AA828}.Debug|x64.ActiveCfg = Debug|x64
		{134E04D9-CA4C-4860-B743-BE26EA0AA828}.Debug|x64.Build.0 = Debug|x64
		{134E04D9-CA4C-4860-B743-BE26EA0AA828}.Debug|x86.ActiveCfg = Debug|Win32
		{134E04D9-CA4C-4860-B743-BE26EA0AA828}.Debug|x86.Build.0 = Debug|Win32
		{134E04D9-CA4C-4860-B743-BE26EA0AA828}.Release|x64.ActiveCfg = Release|x64
		{134E04D9-CA4C-4860-B743-BE26EA0AA828}.Release|x64.Build.0 = Release|x64
		{134E04D9-CA4C-4860-B743-BE26EA0AA828}.Release|x86.ActiveCfg = Release|Win32
		{134E04D9-CA4C-4860-B743-BE26EA0AA828}.Release|x86.Build.0 = Release|Win32
	EndGlobalSection
	GlobalSection(SolutionProperties) = preSolution
		HideSolutionNode = FALSE
	EndGlobalSection
	GlobalSection(ExtensibilityGlobals) = postSolution
		SolutionGuid = {CE608333-3183-40EE-80B8-9FDFB532BD64}
	EndGlobalSection
EndGlobal
