
Microsoft Visual Studio Solution File, Format Version 12.00
# Visual Studio Version 16
VisualStudioVersion = 16.0.29201.188
MinimumVisualStudioVersion = 10.0.40219.1
Project("{8BC9CEB8-8B4A-11D0-8D11-00A0C91BC942}") = "HOMEWORK266-1", "HOMEWORK266-1\HOMEWORK266-1.vcxproj", "{E988E4A7-AD49-4759-91E3-92AE42025793}"
EndProject
Global
	GlobalSection(SolutionConfigurationPlatforms) = preSolution
		Debug|x64 = Debug|x64
		Debug|x86 = Debug|x86
		Release|x64 = Release|x64
		Release|x86 = Release|x86
	EndGlobalSection
	GlobalSection(ProjectConfigurationPlatforms) = postSolution
		{E988E4A7-AD49-4759-91E3-92AE42025793}.Debug|x64.ActiveCfg = Debug|x64
		{E988E4A7-AD49-4759-91E3-92AE42025793}.Debug|x64.Build.0 = Debug|x64
		{E988E4A7-AD49-4759-91E3-92AE42025793}.Debug|x86.ActiveCfg = Debug|Win32
		{E988E4A7-AD49-4759-91E3-92AE42025793}.Debug|x86.Build.0 = Debug|Win32
		{E988E4A7-AD49-4759-91E3-92AE42025793}.Release|x64.ActiveCfg = Release|x64
		{E988E4A7-AD49-4759-91E3-92AE42025793}.Release|x64.Build.0 = Release|x64
		{E988E4A7-AD49-4759-91E3-92AE42025793}.Release|x86.ActiveCfg = Release|Win32
		{E988E4A7-AD49-4759-91E3-92AE42025793}.Release|x86.Build.0 = Release|Win32
	EndGlobalSection
	GlobalSection(SolutionProperties) = preSolution
		HideSolutionNode = FALSE
	EndGlobalSection
	GlobalSection(ExtensibilityGlobals) = postSolution
		SolutionGuid = {04815672-3C79-4EB3-AF2E-8C658DDA2841}
	EndGlobalSection
EndGlobal
