
Microsoft Visual Studio Solution File, Format Version 12.00
# Visual Studio Version 16
VisualStudioVersion = 16.0.29215.179
MinimumVisualStudioVersion = 10.0.40219.1
Project("{8BC9CEB8-8B4A-11D0-8D11-00A0C91BC942}") = "BASIC177", "BASIC177\BASIC177.vcxproj", "{70759B1E-BDC5-4338-8966-3D2955B9FCCD}"
EndProject
Global
	GlobalSection(SolutionConfigurationPlatforms) = preSolution
		Debug|x64 = Debug|x64
		Debug|x86 = Debug|x86
		Release|x64 = Release|x64
		Release|x86 = Release|x86
	EndGlobalSection
	GlobalSection(ProjectConfigurationPlatforms) = postSolution
		{70759B1E-BDC5-4338-8966-3D2955B9FCCD}.Debug|x64.ActiveCfg = Debug|x64
		{70759B1E-BDC5-4338-8966-3D2955B9FCCD}.Debug|x64.Build.0 = Debug|x64
		{70759B1E-BDC5-4338-8966-3D2955B9FCCD}.Debug|x86.ActiveCfg = Debug|Win32
		{70759B1E-BDC5-4338-8966-3D2955B9FCCD}.Debug|x86.Build.0 = Debug|Win32
		{70759B1E-BDC5-4338-8966-3D2955B9FCCD}.Release|x64.ActiveCfg = Release|x64
		{70759B1E-BDC5-4338-8966-3D2955B9FCCD}.Release|x64.Build.0 = Release|x64
		{70759B1E-BDC5-4338-8966-3D2955B9FCCD}.Release|x86.ActiveCfg = Release|Win32
		{70759B1E-BDC5-4338-8966-3D2955B9FCCD}.Release|x86.Build.0 = Release|Win32
	EndGlobalSection
	GlobalSection(SolutionProperties) = preSolution
		HideSolutionNode = FALSE
	EndGlobalSection
	GlobalSection(ExtensibilityGlobals) = postSolution
		SolutionGuid = {46811355-5334-4129-AC8C-2D19C09BE7C8}
	EndGlobalSection
EndGlobal
