
Microsoft Visual Studio Solution File, Format Version 12.00
# Visual Studio Version 16
VisualStudioVersion = 16.0.29215.179
MinimumVisualStudioVersion = 10.0.40219.1
Project("{8BC9CEB8-8B4A-11D0-8D11-00A0C91BC942}") = "BASIC335", "BASIC335\BASIC335.vcxproj", "{BE28C0F4-C35A-4901-8743-39902153B4ED}"
EndProject
Global
	GlobalSection(SolutionConfigurationPlatforms) = preSolution
		Debug|x64 = Debug|x64
		Debug|x86 = Debug|x86
		Release|x64 = Release|x64
		Release|x86 = Release|x86
	EndGlobalSection
	GlobalSection(ProjectConfigurationPlatforms) = postSolution
		{BE28C0F4-C35A-4901-8743-39902153B4ED}.Debug|x64.ActiveCfg = Debug|x64
		{BE28C0F4-C35A-4901-8743-39902153B4ED}.Debug|x64.Build.0 = Debug|x64
		{BE28C0F4-C35A-4901-8743-39902153B4ED}.Debug|x86.ActiveCfg = Debug|Win32
		{BE28C0F4-C35A-4901-8743-39902153B4ED}.Debug|x86.Build.0 = Debug|Win32
		{BE28C0F4-C35A-4901-8743-39902153B4ED}.Release|x64.ActiveCfg = Release|x64
		{BE28C0F4-C35A-4901-8743-39902153B4ED}.Release|x64.Build.0 = Release|x64
		{BE28C0F4-C35A-4901-8743-39902153B4ED}.Release|x86.ActiveCfg = Release|Win32
		{BE28C0F4-C35A-4901-8743-39902153B4ED}.Release|x86.Build.0 = Release|Win32
	EndGlobalSection
	GlobalSection(SolutionProperties) = preSolution
		HideSolutionNode = FALSE
	EndGlobalSection
	GlobalSection(ExtensibilityGlobals) = postSolution
		SolutionGuid = {741C6DE9-7382-42E4-9E22-A5BABAC2637A}
	EndGlobalSection
EndGlobal
