
Microsoft Visual Studio Solution File, Format Version 12.00
# Visual Studio Version 16
VisualStudioVersion = 16.0.29009.5
MinimumVisualStudioVersion = 10.0.40219.1
Project("{8BC9CEB8-8B4A-11D0-8D11-00A0C91BC942}") = "ArrayNameIsPointer", "ArrayNameIsPointer\ArrayNameIsPointer.vcxproj", "{DF9CCFB2-1ECA-40B8-AB52-4F037C716B11}"
EndProject
Global
	GlobalSection(SolutionConfigurationPlatforms) = preSolution
		Debug|x64 = Debug|x64
		Debug|x86 = Debug|x86
		Release|x64 = Release|x64
		Release|x86 = Release|x86
	EndGlobalSection
	GlobalSection(ProjectConfigurationPlatforms) = postSolution
		{DF9CCFB2-1ECA-40B8-AB52-4F037C716B11}.Debug|x64.ActiveCfg = Debug|x64
		{DF9CCFB2-1ECA-40B8-AB52-4F037C716B11}.Debug|x64.Build.0 = Debug|x64
		{DF9CCFB2-1ECA-40B8-AB52-4F037C716B11}.Debug|x86.ActiveCfg = Debug|Win32
		{DF9CCFB2-1ECA-40B8-AB52-4F037C716B11}.Debug|x86.Build.0 = Debug|Win32
		{DF9CCFB2-1ECA-40B8-AB52-4F037C716B11}.Release|x64.ActiveCfg = Release|x64
		{DF9CCFB2-1ECA-40B8-AB52-4F037C716B11}.Release|x64.Build.0 = Release|x64
		{DF9CCFB2-1ECA-40B8-AB52-4F037C716B11}.Release|x86.ActiveCfg = Release|Win32
		{DF9CCFB2-1ECA-40B8-AB52-4F037C716B11}.Release|x86.Build.0 = Release|Win32
	EndGlobalSection
	GlobalSection(SolutionProperties) = preSolution
		HideSolutionNode = FALSE
	EndGlobalSection
	GlobalSection(ExtensibilityGlobals) = postSolution
		SolutionGuid = {5086586A-BA68-408E-BE9A-CC4F4E060922}
	EndGlobalSection
EndGlobal
