
Microsoft Visual Studio Solution File, Format Version 12.00
# Visual Studio Version 16
VisualStudioVersion = 16.0.29215.179
MinimumVisualStudioVersion = 10.0.40219.1
Project("{8BC9CEB8-8B4A-11D0-8D11-00A0C91BC942}") = "BASIC298", "BASIC298\BASIC298.vcxproj", "{AE8D7D6B-7B33-4983-823B-9431B22CC931}"
EndProject
Global
	GlobalSection(SolutionConfigurationPlatforms) = preSolution
		Debug|x64 = Debug|x64
		Debug|x86 = Debug|x86
		Release|x64 = Release|x64
		Release|x86 = Release|x86
	EndGlobalSection
	GlobalSection(ProjectConfigurationPlatforms) = postSolution
		{AE8D7D6B-7B33-4983-823B-9431B22CC931}.Debug|x64.ActiveCfg = Debug|x64
		{AE8D7D6B-7B33-4983-823B-9431B22CC931}.Debug|x64.Build.0 = Debug|x64
		{AE8D7D6B-7B33-4983-823B-9431B22CC931}.Debug|x86.ActiveCfg = Debug|Win32
		{AE8D7D6B-7B33-4983-823B-9431B22CC931}.Debug|x86.Build.0 = Debug|Win32
		{AE8D7D6B-7B33-4983-823B-9431B22CC931}.Release|x64.ActiveCfg = Release|x64
		{AE8D7D6B-7B33-4983-823B-9431B22CC931}.Release|x64.Build.0 = Release|x64
		{AE8D7D6B-7B33-4983-823B-9431B22CC931}.Release|x86.ActiveCfg = Release|Win32
		{AE8D7D6B-7B33-4983-823B-9431B22CC931}.Release|x86.Build.0 = Release|Win32
	EndGlobalSection
	GlobalSection(SolutionProperties) = preSolution
		HideSolutionNode = FALSE
	EndGlobalSection
	GlobalSection(ExtensibilityGlobals) = postSolution
		SolutionGuid = {F249C691-2ADB-46B3-A5B3-BA99B5F3EC51}
	EndGlobalSection
EndGlobal
