
Microsoft Visual Studio Solution File, Format Version 12.00
# Visual Studio Version 16
VisualStudioVersion = 16.0.29411.108
MinimumVisualStudioVersion = 10.0.40219.1
Project("{8BC9CEB8-8B4A-11D0-8D11-00A0C91BC942}") = "Encaps2", "Encaps2\Encaps2.vcxproj", "{23B4BDA3-92BD-4C9C-837F-A4938B858387}"
EndProject
Global
	GlobalSection(SolutionConfigurationPlatforms) = preSolution
		Debug|x64 = Debug|x64
		Debug|x86 = Debug|x86
		Release|x64 = Release|x64
		Release|x86 = Release|x86
	EndGlobalSection
	GlobalSection(ProjectConfigurationPlatforms) = postSolution
		{23B4BDA3-92BD-4C9C-837F-A4938B858387}.Debug|x64.ActiveCfg = Debug|x64
		{23B4BDA3-92BD-4C9C-837F-A4938B858387}.Debug|x64.Build.0 = Debug|x64
		{23B4BDA3-92BD-4C9C-837F-A4938B858387}.Debug|x86.ActiveCfg = Debug|Win32
		{23B4BDA3-92BD-4C9C-837F-A4938B858387}.Debug|x86.Build.0 = Debug|Win32
		{23B4BDA3-92BD-4C9C-837F-A4938B858387}.Release|x64.ActiveCfg = Release|x64
		{23B4BDA3-92BD-4C9C-837F-A4938B858387}.Release|x64.Build.0 = Release|x64
		{23B4BDA3-92BD-4C9C-837F-A4938B858387}.Release|x86.ActiveCfg = Release|Win32
		{23B4BDA3-92BD-4C9C-837F-A4938B858387}.Release|x86.Build.0 = Release|Win32
	EndGlobalSection
	GlobalSection(SolutionProperties) = preSolution
		HideSolutionNode = FALSE
	EndGlobalSection
	GlobalSection(ExtensibilityGlobals) = postSolution
		SolutionGuid = {6489A3D4-8079-44FC-AD83-0DC051773D80}
	EndGlobalSection
EndGlobal
