
Microsoft Visual Studio Solution File, Format Version 12.00
# Visual Studio Version 16
VisualStudioVersion = 16.0.29215.179
MinimumVisualStudioVersion = 10.0.40219.1
Project("{8BC9CEB8-8B4A-11D0-8D11-00A0C91BC942}") = "BASIC116", "BASIC116\BASIC116.vcxproj", "{76F24EC5-9715-41F2-99A5-E3F84D3FA8A1}"
EndProject
Global
	GlobalSection(SolutionConfigurationPlatforms) = preSolution
		Debug|x64 = Debug|x64
		Debug|x86 = Debug|x86
		Release|x64 = Release|x64
		Release|x86 = Release|x86
	EndGlobalSection
	GlobalSection(ProjectConfigurationPlatforms) = postSolution
		{76F24EC5-9715-41F2-99A5-E3F84D3FA8A1}.Debug|x64.ActiveCfg = Debug|x64
		{76F24EC5-9715-41F2-99A5-E3F84D3FA8A1}.Debug|x64.Build.0 = Debug|x64
		{76F24EC5-9715-41F2-99A5-E3F84D3FA8A1}.Debug|x86.ActiveCfg = Debug|Win32
		{76F24EC5-9715-41F2-99A5-E3F84D3FA8A1}.Debug|x86.Build.0 = Debug|Win32
		{76F24EC5-9715-41F2-99A5-E3F84D3FA8A1}.Release|x64.ActiveCfg = Release|x64
		{76F24EC5-9715-41F2-99A5-E3F84D3FA8A1}.Release|x64.Build.0 = Release|x64
		{76F24EC5-9715-41F2-99A5-E3F84D3FA8A1}.Release|x86.ActiveCfg = Release|Win32
		{76F24EC5-9715-41F2-99A5-E3F84D3FA8A1}.Release|x86.Build.0 = Release|Win32
	EndGlobalSection
	GlobalSection(SolutionProperties) = preSolution
		HideSolutionNode = FALSE
	EndGlobalSection
	GlobalSection(ExtensibilityGlobals) = postSolution
		SolutionGuid = {5A37B496-36BE-4E02-A8C7-1BD9511F486D}
	EndGlobalSection
EndGlobal
