
Microsoft Visual Studio Solution File, Format Version 12.00
# Visual Studio Version 16
VisualStudioVersion = 16.0.29009.5
MinimumVisualStudioVersion = 10.0.40219.1
Project("{8BC9CEB8-8B4A-11D0-8D11-00A0C91BC942}") = "LiteralSize", "LiteralSize\LiteralSize.vcxproj", "{89A14481-661C-4CC6-AD1B-6F2106A0B1D0}"
EndProject
Global
	GlobalSection(SolutionConfigurationPlatforms) = preSolution
		Debug|x64 = Debug|x64
		Debug|x86 = Debug|x86
		Release|x64 = Release|x64
		Release|x86 = Release|x86
	EndGlobalSection
	GlobalSection(ProjectConfigurationPlatforms) = postSolution
		{89A14481-661C-4CC6-AD1B-6F2106A0B1D0}.Debug|x64.ActiveCfg = Debug|x64
		{89A14481-661C-4CC6-AD1B-6F2106A0B1D0}.Debug|x64.Build.0 = Debug|x64
		{89A14481-661C-4CC6-AD1B-6F2106A0B1D0}.Debug|x86.ActiveCfg = Debug|Win32
		{89A14481-661C-4CC6-AD1B-6F2106A0B1D0}.Debug|x86.Build.0 = Debug|Win32
		{89A14481-661C-4CC6-AD1B-6F2106A0B1D0}.Release|x64.ActiveCfg = Release|x64
		{89A14481-661C-4CC6-AD1B-6F2106A0B1D0}.Release|x64.Build.0 = Release|x64
		{89A14481-661C-4CC6-AD1B-6F2106A0B1D0}.Release|x86.ActiveCfg = Release|Win32
		{89A14481-661C-4CC6-AD1B-6F2106A0B1D0}.Release|x86.Build.0 = Release|Win32
	EndGlobalSection
	GlobalSection(SolutionProperties) = preSolution
		HideSolutionNode = FALSE
	EndGlobalSection
	GlobalSection(ExtensibilityGlobals) = postSolution
		SolutionGuid = {22E9A33C-DA6B-477C-AB85-27654CBDF3F8}
	EndGlobalSection
EndGlobal
