
Microsoft Visual Studio Solution File, Format Version 12.00
# Visual Studio Version 16
VisualStudioVersion = 16.0.29215.179
MinimumVisualStudioVersion = 10.0.40219.1
Project("{8BC9CEB8-8B4A-11D0-8D11-00A0C91BC942}") = "BASIC107", "BASIC107\BASIC107.vcxproj", "{E08969CF-D1FC-4EA3-ABB7-505CDE517827}"
EndProject
Global
	GlobalSection(SolutionConfigurationPlatforms) = preSolution
		Debug|x64 = Debug|x64
		Debug|x86 = Debug|x86
		Release|x64 = Release|x64
		Release|x86 = Release|x86
	EndGlobalSection
	GlobalSection(ProjectConfigurationPlatforms) = postSolution
		{E08969CF-D1FC-4EA3-ABB7-505CDE517827}.Debug|x64.ActiveCfg = Debug|x64
		{E08969CF-D1FC-4EA3-ABB7-505CDE517827}.Debug|x64.Build.0 = Debug|x64
		{E08969CF-D1FC-4EA3-ABB7-505CDE517827}.Debug|x86.ActiveCfg = Debug|Win32
		{E08969CF-D1FC-4EA3-ABB7-505CDE517827}.Debug|x86.Build.0 = Debug|Win32
		{E08969CF-D1FC-4EA3-ABB7-505CDE517827}.Release|x64.ActiveCfg = Release|x64
		{E08969CF-D1FC-4EA3-ABB7-505CDE517827}.Release|x64.Build.0 = Release|x64
		{E08969CF-D1FC-4EA3-ABB7-505CDE517827}.Release|x86.ActiveCfg = Release|Win32
		{E08969CF-D1FC-4EA3-ABB7-505CDE517827}.Release|x86.Build.0 = Release|Win32
	EndGlobalSection
	GlobalSection(SolutionProperties) = preSolution
		HideSolutionNode = FALSE
	EndGlobalSection
	GlobalSection(ExtensibilityGlobals) = postSolution
		SolutionGuid = {14C192DD-8848-4250-B5CB-A91D04C88EAB}
	EndGlobalSection
EndGlobal
