
Microsoft Visual Studio Solution File, Format Version 12.00
# Visual Studio Version 16
VisualStudioVersion = 16.0.29201.188
MinimumVisualStudioVersion = 10.0.40219.1
Project("{8BC9CEB8-8B4A-11D0-8D11-00A0C91BC942}") = "HOMEWORK177", "HOMEWORK177\HOMEWORK177.vcxproj", "{57AD533A-2419-46A9-B5FF-FD8F13C03AAD}"
EndProject
Global
	GlobalSection(SolutionConfigurationPlatforms) = preSolution
		Debug|x64 = Debug|x64
		Debug|x86 = Debug|x86
		Release|x64 = Release|x64
		Release|x86 = Release|x86
	EndGlobalSection
	GlobalSection(ProjectConfigurationPlatforms) = postSolution
		{57AD533A-2419-46A9-B5FF-FD8F13C03AAD}.Debug|x64.ActiveCfg = Debug|x64
		{57AD533A-2419-46A9-B5FF-FD8F13C03AAD}.Debug|x64.Build.0 = Debug|x64
		{57AD533A-2419-46A9-B5FF-FD8F13C03AAD}.Debug|x86.ActiveCfg = Debug|Win32
		{57AD533A-2419-46A9-B5FF-FD8F13C03AAD}.Debug|x86.Build.0 = Debug|Win32
		{57AD533A-2419-46A9-B5FF-FD8F13C03AAD}.Release|x64.ActiveCfg = Release|x64
		{57AD533A-2419-46A9-B5FF-FD8F13C03AAD}.Release|x64.Build.0 = Release|x64
		{57AD533A-2419-46A9-B5FF-FD8F13C03AAD}.Release|x86.ActiveCfg = Release|Win32
		{57AD533A-2419-46A9-B5FF-FD8F13C03AAD}.Release|x86.Build.0 = Release|Win32
	EndGlobalSection
	GlobalSection(SolutionProperties) = preSolution
		HideSolutionNode = FALSE
	EndGlobalSection
	GlobalSection(ExtensibilityGlobals) = postSolution
		SolutionGuid = {82BD9FB4-3ECC-4394-B11E-E9BE11609E6E}
	EndGlobalSection
EndGlobal
