
Microsoft Visual Studio Solution File, Format Version 12.00
# Visual Studio Version 16
VisualStudioVersion = 16.0.29009.5
MinimumVisualStudioVersion = 10.0.40219.1
Project("{8BC9CEB8-8B4A-11D0-8D11-00A0C91BC942}") = "BitOrOperation", "BitOrOperation\BitOrOperation.vcxproj", "{5A60E687-67B9-4BF3-9236-619499B4D9B7}"
EndProject
Global
	GlobalSection(SolutionConfigurationPlatforms) = preSolution
		Debug|x64 = Debug|x64
		Debug|x86 = Debug|x86
		Release|x64 = Release|x64
		Release|x86 = Release|x86
	EndGlobalSection
	GlobalSection(ProjectConfigurationPlatforms) = postSolution
		{5A60E687-67B9-4BF3-9236-619499B4D9B7}.Debug|x64.ActiveCfg = Debug|x64
		{5A60E687-67B9-4BF3-9236-619499B4D9B7}.Debug|x64.Build.0 = Debug|x64
		{5A60E687-67B9-4BF3-9236-619499B4D9B7}.Debug|x86.ActiveCfg = Debug|Win32
		{5A60E687-67B9-4BF3-9236-619499B4D9B7}.Debug|x86.Build.0 = Debug|Win32
		{5A60E687-67B9-4BF3-9236-619499B4D9B7}.Release|x64.ActiveCfg = Release|x64
		{5A60E687-67B9-4BF3-9236-619499B4D9B7}.Release|x64.Build.0 = Release|x64
		{5A60E687-67B9-4BF3-9236-619499B4D9B7}.Release|x86.ActiveCfg = Release|Win32
		{5A60E687-67B9-4BF3-9236-619499B4D9B7}.Release|x86.Build.0 = Release|Win32
	EndGlobalSection
	GlobalSection(SolutionProperties) = preSolution
		HideSolutionNode = FALSE
	EndGlobalSection
	GlobalSection(ExtensibilityGlobals) = postSolution
		SolutionGuid = {207EBFE1-B76B-4B9C-B3E6-EB97B65B94D2}
	EndGlobalSection
EndGlobal
