
Microsoft Visual Studio Solution File, Format Version 12.00
# Visual Studio Version 16
VisualStudioVersion = 16.0.29123.88
MinimumVisualStudioVersion = 10.0.40219.1
Project("{8BC9CEB8-8B4A-11D0-8D11-00A0C91BC942}") = "HOMEWORK64", "HOMEWORK64\HOMEWORK64.vcxproj", "{42CCDEF3-EF86-42CF-BAAF-BDBC397EFFBE}"
EndProject
Global
	GlobalSection(SolutionConfigurationPlatforms) = preSolution
		Debug|x64 = Debug|x64
		Debug|x86 = Debug|x86
		Release|x64 = Release|x64
		Release|x86 = Release|x86
	EndGlobalSection
	GlobalSection(ProjectConfigurationPlatforms) = postSolution
		{42CCDEF3-EF86-42CF-BAAF-BDBC397EFFBE}.Debug|x64.ActiveCfg = Debug|x64
		{42CCDEF3-EF86-42CF-BAAF-BDBC397EFFBE}.Debug|x64.Build.0 = Debug|x64
		{42CCDEF3-EF86-42CF-BAAF-BDBC397EFFBE}.Debug|x86.ActiveCfg = Debug|Win32
		{42CCDEF3-EF86-42CF-BAAF-BDBC397EFFBE}.Debug|x86.Build.0 = Debug|Win32
		{42CCDEF3-EF86-42CF-BAAF-BDBC397EFFBE}.Release|x64.ActiveCfg = Release|x64
		{42CCDEF3-EF86-42CF-BAAF-BDBC397EFFBE}.Release|x64.Build.0 = Release|x64
		{42CCDEF3-EF86-42CF-BAAF-BDBC397EFFBE}.Release|x86.ActiveCfg = Release|Win32
		{42CCDEF3-EF86-42CF-BAAF-BDBC397EFFBE}.Release|x86.Build.0 = Release|Win32
	EndGlobalSection
	GlobalSection(SolutionProperties) = preSolution
		HideSolutionNode = FALSE
	EndGlobalSection
	GlobalSection(ExtensibilityGlobals) = postSolution
		SolutionGuid = {4A626A8F-0FEB-4809-BE61-18546965CAAB}
	EndGlobalSection
EndGlobal
