
Microsoft Visual Studio Solution File, Format Version 12.00
# Visual Studio Version 16
VisualStudioVersion = 16.0.29215.179
MinimumVisualStudioVersion = 10.0.40219.1
Project("{8BC9CEB8-8B4A-11D0-8D11-00A0C91BC942}") = "BASIC329", "BASIC329\BASIC329.vcxproj", "{828EDE09-66FD-4081-8F30-48F4E26195B7}"
EndProject
Global
	GlobalSection(SolutionConfigurationPlatforms) = preSolution
		Debug|x64 = Debug|x64
		Debug|x86 = Debug|x86
		Release|x64 = Release|x64
		Release|x86 = Release|x86
	EndGlobalSection
	GlobalSection(ProjectConfigurationPlatforms) = postSolution
		{828EDE09-66FD-4081-8F30-48F4E26195B7}.Debug|x64.ActiveCfg = Debug|x64
		{828EDE09-66FD-4081-8F30-48F4E26195B7}.Debug|x64.Build.0 = Debug|x64
		{828EDE09-66FD-4081-8F30-48F4E26195B7}.Debug|x86.ActiveCfg = Debug|Win32
		{828EDE09-66FD-4081-8F30-48F4E26195B7}.Debug|x86.Build.0 = Debug|Win32
		{828EDE09-66FD-4081-8F30-48F4E26195B7}.Release|x64.ActiveCfg = Release|x64
		{828EDE09-66FD-4081-8F30-48F4E26195B7}.Release|x64.Build.0 = Release|x64
		{828EDE09-66FD-4081-8F30-48F4E26195B7}.Release|x86.ActiveCfg = Release|Win32
		{828EDE09-66FD-4081-8F30-48F4E26195B7}.Release|x86.Build.0 = Release|Win32
	EndGlobalSection
	GlobalSection(SolutionProperties) = preSolution
		HideSolutionNode = FALSE
	EndGlobalSection
	GlobalSection(ExtensibilityGlobals) = postSolution
		SolutionGuid = {E9A18989-BE54-4D6F-A9FD-FF166052EBC3}
	EndGlobalSection
EndGlobal
