
Microsoft Visual Studio Solution File, Format Version 12.00
# Visual Studio Version 16
VisualStudioVersion = 16.0.29123.88
MinimumVisualStudioVersion = 10.0.40219.1
Project("{8BC9CEB8-8B4A-11D0-8D11-00A0C91BC942}") = "TEST24-1-3", "TEST24-1-3\TEST24-1-3.vcxproj", "{33CEE924-F167-448F-8600-3E19B5DE27F8}"
EndProject
Global
	GlobalSection(SolutionConfigurationPlatforms) = preSolution
		Debug|x64 = Debug|x64
		Debug|x86 = Debug|x86
		Release|x64 = Release|x64
		Release|x86 = Release|x86
	EndGlobalSection
	GlobalSection(ProjectConfigurationPlatforms) = postSolution
		{33CEE924-F167-448F-8600-3E19B5DE27F8}.Debug|x64.ActiveCfg = Debug|x64
		{33CEE924-F167-448F-8600-3E19B5DE27F8}.Debug|x64.Build.0 = Debug|x64
		{33CEE924-F167-448F-8600-3E19B5DE27F8}.Debug|x86.ActiveCfg = Debug|Win32
		{33CEE924-F167-448F-8600-3E19B5DE27F8}.Debug|x86.Build.0 = Debug|Win32
		{33CEE924-F167-448F-8600-3E19B5DE27F8}.Release|x64.ActiveCfg = Release|x64
		{33CEE924-F167-448F-8600-3E19B5DE27F8}.Release|x64.Build.0 = Release|x64
		{33CEE924-F167-448F-8600-3E19B5DE27F8}.Release|x86.ActiveCfg = Release|Win32
		{33CEE924-F167-448F-8600-3E19B5DE27F8}.Release|x86.Build.0 = Release|Win32
	EndGlobalSection
	GlobalSection(SolutionProperties) = preSolution
		HideSolutionNode = FALSE
	EndGlobalSection
	GlobalSection(ExtensibilityGlobals) = postSolution
		SolutionGuid = {A2418075-D18B-46BF-934B-4675715ED92A}
	EndGlobalSection
EndGlobal
