
Microsoft Visual Studio Solution File, Format Version 12.00
# Visual Studio Version 16
VisualStudioVersion = 16.0.29123.88
MinimumVisualStudioVersion = 10.0.40219.1
Project("{8BC9CEB8-8B4A-11D0-8D11-00A0C91BC942}") = "HOMEWORK17", "HOMEWORK17\HOMEWORK17.vcxproj", "{0190493F-AF10-4A18-8B8A-364825A2E770}"
EndProject
Global
	GlobalSection(SolutionConfigurationPlatforms) = preSolution
		Debug|x64 = Debug|x64
		Debug|x86 = Debug|x86
		Release|x64 = Release|x64
		Release|x86 = Release|x86
	EndGlobalSection
	GlobalSection(ProjectConfigurationPlatforms) = postSolution
		{0190493F-AF10-4A18-8B8A-364825A2E770}.Debug|x64.ActiveCfg = Debug|x64
		{0190493F-AF10-4A18-8B8A-364825A2E770}.Debug|x64.Build.0 = Debug|x64
		{0190493F-AF10-4A18-8B8A-364825A2E770}.Debug|x86.ActiveCfg = Debug|Win32
		{0190493F-AF10-4A18-8B8A-364825A2E770}.Debug|x86.Build.0 = Debug|Win32
		{0190493F-AF10-4A18-8B8A-364825A2E770}.Release|x64.ActiveCfg = Release|x64
		{0190493F-AF10-4A18-8B8A-364825A2E770}.Release|x64.Build.0 = Release|x64
		{0190493F-AF10-4A18-8B8A-364825A2E770}.Release|x86.ActiveCfg = Release|Win32
		{0190493F-AF10-4A18-8B8A-364825A2E770}.Release|x86.Build.0 = Release|Win32
	EndGlobalSection
	GlobalSection(SolutionProperties) = preSolution
		HideSolutionNode = FALSE
	EndGlobalSection
	GlobalSection(ExtensibilityGlobals) = postSolution
		SolutionGuid = {DFA441A4-A4DF-4B92-86DD-418E96746ECB}
	EndGlobalSection
EndGlobal
