
Microsoft Visual Studio Solution File, Format Version 12.00
# Visual Studio Version 16
VisualStudioVersion = 16.0.29215.179
MinimumVisualStudioVersion = 10.0.40219.1
Project("{8BC9CEB8-8B4A-11D0-8D11-00A0C91BC942}") = "BASIC286", "BASIC286\BASIC286.vcxproj", "{AFD4828B-AD3B-4765-A3B0-98FD86D5D594}"
EndProject
Global
	GlobalSection(SolutionConfigurationPlatforms) = preSolution
		Debug|x64 = Debug|x64
		Debug|x86 = Debug|x86
		Release|x64 = Release|x64
		Release|x86 = Release|x86
	EndGlobalSection
	GlobalSection(ProjectConfigurationPlatforms) = postSolution
		{AFD4828B-AD3B-4765-A3B0-98FD86D5D594}.Debug|x64.ActiveCfg = Debug|x64
		{AFD4828B-AD3B-4765-A3B0-98FD86D5D594}.Debug|x64.Build.0 = Debug|x64
		{AFD4828B-AD3B-4765-A3B0-98FD86D5D594}.Debug|x86.ActiveCfg = Debug|Win32
		{AFD4828B-AD3B-4765-A3B0-98FD86D5D594}.Debug|x86.Build.0 = Debug|Win32
		{AFD4828B-AD3B-4765-A3B0-98FD86D5D594}.Release|x64.ActiveCfg = Release|x64
		{AFD4828B-AD3B-4765-A3B0-98FD86D5D594}.Release|x64.Build.0 = Release|x64
		{AFD4828B-AD3B-4765-A3B0-98FD86D5D594}.Release|x86.ActiveCfg = Release|Win32
		{AFD4828B-AD3B-4765-A3B0-98FD86D5D594}.Release|x86.Build.0 = Release|Win32
	EndGlobalSection
	GlobalSection(SolutionProperties) = preSolution
		HideSolutionNode = FALSE
	EndGlobalSection
	GlobalSection(ExtensibilityGlobals) = postSolution
		SolutionGuid = {70A6496D-E111-44F8-AF82-B2EE1774BD6E}
	EndGlobalSection
EndGlobal
