
Microsoft Visual Studio Solution File, Format Version 12.00
# Visual Studio Version 16
VisualStudioVersion = 16.0.29215.179
MinimumVisualStudioVersion = 10.0.40219.1
Project("{8BC9CEB8-8B4A-11D0-8D11-00A0C91BC942}") = "BASIC327", "BASIC327\BASIC327.vcxproj", "{F44596B1-9463-4C8A-ADB1-13889921E193}"
EndProject
Global
	GlobalSection(SolutionConfigurationPlatforms) = preSolution
		Debug|x64 = Debug|x64
		Debug|x86 = Debug|x86
		Release|x64 = Release|x64
		Release|x86 = Release|x86
	EndGlobalSection
	GlobalSection(ProjectConfigurationPlatforms) = postSolution
		{F44596B1-9463-4C8A-ADB1-13889921E193}.Debug|x64.ActiveCfg = Debug|x64
		{F44596B1-9463-4C8A-ADB1-13889921E193}.Debug|x64.Build.0 = Debug|x64
		{F44596B1-9463-4C8A-ADB1-13889921E193}.Debug|x86.ActiveCfg = Debug|Win32
		{F44596B1-9463-4C8A-ADB1-13889921E193}.Debug|x86.Build.0 = Debug|Win32
		{F44596B1-9463-4C8A-ADB1-13889921E193}.Release|x64.ActiveCfg = Release|x64
		{F44596B1-9463-4C8A-ADB1-13889921E193}.Release|x64.Build.0 = Release|x64
		{F44596B1-9463-4C8A-ADB1-13889921E193}.Release|x86.ActiveCfg = Release|Win32
		{F44596B1-9463-4C8A-ADB1-13889921E193}.Release|x86.Build.0 = Release|Win32
	EndGlobalSection
	GlobalSection(SolutionProperties) = preSolution
		HideSolutionNode = FALSE
	EndGlobalSection
	GlobalSection(ExtensibilityGlobals) = postSolution
		SolutionGuid = {C3E257BE-1C72-4F60-BF07-6F82B2E0BFDB}
	EndGlobalSection
EndGlobal
