
Microsoft Visual Studio Solution File, Format Version 12.00
# Visual Studio Version 16
VisualStudioVersion = 16.0.29201.188
MinimumVisualStudioVersion = 10.0.40219.1
Project("{8BC9CEB8-8B4A-11D0-8D11-00A0C91BC942}") = "HOMEWORK208", "HOMEWORK208\HOMEWORK208.vcxproj", "{FF174A56-12DE-4054-B980-3FC8025527FA}"
EndProject
Global
	GlobalSection(SolutionConfigurationPlatforms) = preSolution
		Debug|x64 = Debug|x64
		Debug|x86 = Debug|x86
		Release|x64 = Release|x64
		Release|x86 = Release|x86
	EndGlobalSection
	GlobalSection(ProjectConfigurationPlatforms) = postSolution
		{FF174A56-12DE-4054-B980-3FC8025527FA}.Debug|x64.ActiveCfg = Debug|x64
		{FF174A56-12DE-4054-B980-3FC8025527FA}.Debug|x64.Build.0 = Debug|x64
		{FF174A56-12DE-4054-B980-3FC8025527FA}.Debug|x86.ActiveCfg = Debug|Win32
		{FF174A56-12DE-4054-B980-3FC8025527FA}.Debug|x86.Build.0 = Debug|Win32
		{FF174A56-12DE-4054-B980-3FC8025527FA}.Release|x64.ActiveCfg = Release|x64
		{FF174A56-12DE-4054-B980-3FC8025527FA}.Release|x64.Build.0 = Release|x64
		{FF174A56-12DE-4054-B980-3FC8025527FA}.Release|x86.ActiveCfg = Release|Win32
		{FF174A56-12DE-4054-B980-3FC8025527FA}.Release|x86.Build.0 = Release|Win32
	EndGlobalSection
	GlobalSection(SolutionProperties) = preSolution
		HideSolutionNode = FALSE
	EndGlobalSection
	GlobalSection(ExtensibilityGlobals) = postSolution
		SolutionGuid = {522B10D3-DCD6-43BC-B547-28164CB4AE8E}
	EndGlobalSection
EndGlobal
