
Microsoft Visual Studio Solution File, Format Version 12.00
# Visual Studio Version 16
VisualStudioVersion = 16.0.29201.188
MinimumVisualStudioVersion = 10.0.40219.1
Project("{8BC9CEB8-8B4A-11D0-8D11-00A0C91BC942}") = "BASIC21", "BASIC21\BASIC21.vcxproj", "{AE870453-1592-4FBE-8347-D03A1CC1895C}"
EndProject
Global
	GlobalSection(SolutionConfigurationPlatforms) = preSolution
		Debug|x64 = Debug|x64
		Debug|x86 = Debug|x86
		Release|x64 = Release|x64
		Release|x86 = Release|x86
	EndGlobalSection
	GlobalSection(ProjectConfigurationPlatforms) = postSolution
		{AE870453-1592-4FBE-8347-D03A1CC1895C}.Debug|x64.ActiveCfg = Debug|x64
		{AE870453-1592-4FBE-8347-D03A1CC1895C}.Debug|x64.Build.0 = Debug|x64
		{AE870453-1592-4FBE-8347-D03A1CC1895C}.Debug|x86.ActiveCfg = Debug|Win32
		{AE870453-1592-4FBE-8347-D03A1CC1895C}.Debug|x86.Build.0 = Debug|Win32
		{AE870453-1592-4FBE-8347-D03A1CC1895C}.Release|x64.ActiveCfg = Release|x64
		{AE870453-1592-4FBE-8347-D03A1CC1895C}.Release|x64.Build.0 = Release|x64
		{AE870453-1592-4FBE-8347-D03A1CC1895C}.Release|x86.ActiveCfg = Release|Win32
		{AE870453-1592-4FBE-8347-D03A1CC1895C}.Release|x86.Build.0 = Release|Win32
	EndGlobalSection
	GlobalSection(SolutionProperties) = preSolution
		HideSolutionNode = FALSE
	EndGlobalSection
	GlobalSection(ExtensibilityGlobals) = postSolution
		SolutionGuid = {F7141E72-136F-4D5F-8E9F-5F058E5D4A1A}
	EndGlobalSection
EndGlobal
