
Microsoft Visual Studio Solution File, Format Version 12.00
# Visual Studio Version 16
VisualStudioVersion = 16.0.29215.179
MinimumVisualStudioVersion = 10.0.40219.1
Project("{8BC9CEB8-8B4A-11D0-8D11-00A0C91BC942}") = "BASIC169", "BASIC169\BASIC169.vcxproj", "{EEA4AF67-D40D-49B5-B8D2-F10D4FD1BEEF}"
EndProject
Global
	GlobalSection(SolutionConfigurationPlatforms) = preSolution
		Debug|x64 = Debug|x64
		Debug|x86 = Debug|x86
		Release|x64 = Release|x64
		Release|x86 = Release|x86
	EndGlobalSection
	GlobalSection(ProjectConfigurationPlatforms) = postSolution
		{EEA4AF67-D40D-49B5-B8D2-F10D4FD1BEEF}.Debug|x64.ActiveCfg = Debug|x64
		{EEA4AF67-D40D-49B5-B8D2-F10D4FD1BEEF}.Debug|x64.Build.0 = Debug|x64
		{EEA4AF67-D40D-49B5-B8D2-F10D4FD1BEEF}.Debug|x86.ActiveCfg = Debug|Win32
		{EEA4AF67-D40D-49B5-B8D2-F10D4FD1BEEF}.Debug|x86.Build.0 = Debug|Win32
		{EEA4AF67-D40D-49B5-B8D2-F10D4FD1BEEF}.Release|x64.ActiveCfg = Release|x64
		{EEA4AF67-D40D-49B5-B8D2-F10D4FD1BEEF}.Release|x64.Build.0 = Release|x64
		{EEA4AF67-D40D-49B5-B8D2-F10D4FD1BEEF}.Release|x86.ActiveCfg = Release|Win32
		{EEA4AF67-D40D-49B5-B8D2-F10D4FD1BEEF}.Release|x86.Build.0 = Release|Win32
	EndGlobalSection
	GlobalSection(SolutionProperties) = preSolution
		HideSolutionNode = FALSE
	EndGlobalSection
	GlobalSection(ExtensibilityGlobals) = postSolution
		SolutionGuid = {4F926D40-6E15-400F-BE7E-E77D9A0A271C}
	EndGlobalSection
EndGlobal
