
Microsoft Visual Studio Solution File, Format Version 12.00
# Visual Studio Version 16
VisualStudioVersion = 16.0.29201.188
MinimumVisualStudioVersion = 10.0.40219.1
Project("{8BC9CEB8-8B4A-11D0-8D11-00A0C91BC942}") = "HOMEOWORK201-2", "HOMEOWORK201-2\HOMEOWORK201-2.vcxproj", "{BBE4BCCB-D53E-4D68-A3B9-1D19136BEF98}"
EndProject
Global
	GlobalSection(SolutionConfigurationPlatforms) = preSolution
		Debug|x64 = Debug|x64
		Debug|x86 = Debug|x86
		Release|x64 = Release|x64
		Release|x86 = Release|x86
	EndGlobalSection
	GlobalSection(ProjectConfigurationPlatforms) = postSolution
		{BBE4BCCB-D53E-4D68-A3B9-1D19136BEF98}.Debug|x64.ActiveCfg = Debug|x64
		{BBE4BCCB-D53E-4D68-A3B9-1D19136BEF98}.Debug|x64.Build.0 = Debug|x64
		{BBE4BCCB-D53E-4D68-A3B9-1D19136BEF98}.Debug|x86.ActiveCfg = Debug|Win32
		{BBE4BCCB-D53E-4D68-A3B9-1D19136BEF98}.Debug|x86.Build.0 = Debug|Win32
		{BBE4BCCB-D53E-4D68-A3B9-1D19136BEF98}.Release|x64.ActiveCfg = Release|x64
		{BBE4BCCB-D53E-4D68-A3B9-1D19136BEF98}.Release|x64.Build.0 = Release|x64
		{BBE4BCCB-D53E-4D68-A3B9-1D19136BEF98}.Release|x86.ActiveCfg = Release|Win32
		{BBE4BCCB-D53E-4D68-A3B9-1D19136BEF98}.Release|x86.Build.0 = Release|Win32
	EndGlobalSection
	GlobalSection(SolutionProperties) = preSolution
		HideSolutionNode = FALSE
	EndGlobalSection
	GlobalSection(ExtensibilityGlobals) = postSolution
		SolutionGuid = {1361799D-B4E7-4163-8F7F-98ACA98FC6D7}
	EndGlobalSection
EndGlobal
