
Microsoft Visual Studio Solution File, Format Version 12.00
# Visual Studio Version 16
VisualStudioVersion = 16.0.29215.179
MinimumVisualStudioVersion = 10.0.40219.1
Project("{8BC9CEB8-8B4A-11D0-8D11-00A0C91BC942}") = "Doit 01 14", "Doit 01 14\Doit 01 14.vcxproj", "{9949C53F-E4E5-4BE7-92CC-2C808311C573}"
EndProject
Global
	GlobalSection(SolutionConfigurationPlatforms) = preSolution
		Debug|x64 = Debug|x64
		Debug|x86 = Debug|x86
		Release|x64 = Release|x64
		Release|x86 = Release|x86
	EndGlobalSection
	GlobalSection(ProjectConfigurationPlatforms) = postSolution
		{9949C53F-E4E5-4BE7-92CC-2C808311C573}.Debug|x64.ActiveCfg = Debug|x64
		{9949C53F-E4E5-4BE7-92CC-2C808311C573}.Debug|x64.Build.0 = Debug|x64
		{9949C53F-E4E5-4BE7-92CC-2C808311C573}.Debug|x86.ActiveCfg = Debug|Win32
		{9949C53F-E4E5-4BE7-92CC-2C808311C573}.Debug|x86.Build.0 = Debug|Win32
		{9949C53F-E4E5-4BE7-92CC-2C808311C573}.Release|x64.ActiveCfg = Release|x64
		{9949C53F-E4E5-4BE7-92CC-2C808311C573}.Release|x64.Build.0 = Release|x64
		{9949C53F-E4E5-4BE7-92CC-2C808311C573}.Release|x86.ActiveCfg = Release|Win32
		{9949C53F-E4E5-4BE7-92CC-2C808311C573}.Release|x86.Build.0 = Release|Win32
	EndGlobalSection
	GlobalSection(SolutionProperties) = preSolution
		HideSolutionNode = FALSE
	EndGlobalSection
	GlobalSection(ExtensibilityGlobals) = postSolution
		SolutionGuid = {2C3EC86A-9251-4A05-B4FE-1D00B97A8D1E}
	EndGlobalSection
EndGlobal
