
Microsoft Visual Studio Solution File, Format Version 12.00
# Visual Studio Version 16
VisualStudioVersion = 16.0.29411.108
MinimumVisualStudioVersion = 10.0.40219.1
Project("{8BC9CEB8-8B4A-11D0-8D11-00A0C91BC942}") = "NewObject", "NewObject\NewObject.vcxproj", "{354C6D82-D6EB-43E6-9454-F6CEF6FDDDD3}"
EndProject
Global
	GlobalSection(SolutionConfigurationPlatforms) = preSolution
		Debug|x64 = Debug|x64
		Debug|x86 = Debug|x86
		Release|x64 = Release|x64
		Release|x86 = Release|x86
	EndGlobalSection
	GlobalSection(ProjectConfigurationPlatforms) = postSolution
		{354C6D82-D6EB-43E6-9454-F6CEF6FDDDD3}.Debug|x64.ActiveCfg = Debug|x64
		{354C6D82-D6EB-43E6-9454-F6CEF6FDDDD3}.Debug|x64.Build.0 = Debug|x64
		{354C6D82-D6EB-43E6-9454-F6CEF6FDDDD3}.Debug|x86.ActiveCfg = Debug|Win32
		{354C6D82-D6EB-43E6-9454-F6CEF6FDDDD3}.Debug|x86.Build.0 = Debug|Win32
		{354C6D82-D6EB-43E6-9454-F6CEF6FDDDD3}.Release|x64.ActiveCfg = Release|x64
		{354C6D82-D6EB-43E6-9454-F6CEF6FDDDD3}.Release|x64.Build.0 = Release|x64
		{354C6D82-D6EB-43E6-9454-F6CEF6FDDDD3}.Release|x86.ActiveCfg = Release|Win32
		{354C6D82-D6EB-43E6-9454-F6CEF6FDDDD3}.Release|x86.Build.0 = Release|Win32
	EndGlobalSection
	GlobalSection(SolutionProperties) = preSolution
		HideSolutionNode = FALSE
	EndGlobalSection
	GlobalSection(ExtensibilityGlobals) = postSolution
		SolutionGuid = {E50EFA0D-B691-4C5D-82F7-CCDF2BC52147}
	EndGlobalSection
EndGlobal
