
Microsoft Visual Studio Solution File, Format Version 12.00
# Visual Studio Version 16
VisualStudioVersion = 16.0.29215.179
MinimumVisualStudioVersion = 10.0.40219.1
Project("{8BC9CEB8-8B4A-11D0-8D11-00A0C91BC942}") = "BASIC115", "BASIC115\BASIC115.vcxproj", "{C07363E0-EB06-42DE-A3E8-C889E7B7176D}"
EndProject
Global
	GlobalSection(SolutionConfigurationPlatforms) = preSolution
		Debug|x64 = Debug|x64
		Debug|x86 = Debug|x86
		Release|x64 = Release|x64
		Release|x86 = Release|x86
	EndGlobalSection
	GlobalSection(ProjectConfigurationPlatforms) = postSolution
		{C07363E0-EB06-42DE-A3E8-C889E7B7176D}.Debug|x64.ActiveCfg = Debug|x64
		{C07363E0-EB06-42DE-A3E8-C889E7B7176D}.Debug|x64.Build.0 = Debug|x64
		{C07363E0-EB06-42DE-A3E8-C889E7B7176D}.Debug|x86.ActiveCfg = Debug|Win32
		{C07363E0-EB06-42DE-A3E8-C889E7B7176D}.Debug|x86.Build.0 = Debug|Win32
		{C07363E0-EB06-42DE-A3E8-C889E7B7176D}.Release|x64.ActiveCfg = Release|x64
		{C07363E0-EB06-42DE-A3E8-C889E7B7176D}.Release|x64.Build.0 = Release|x64
		{C07363E0-EB06-42DE-A3E8-C889E7B7176D}.Release|x86.ActiveCfg = Release|Win32
		{C07363E0-EB06-42DE-A3E8-C889E7B7176D}.Release|x86.Build.0 = Release|Win32
	EndGlobalSection
	GlobalSection(SolutionProperties) = preSolution
		HideSolutionNode = FALSE
	EndGlobalSection
	GlobalSection(ExtensibilityGlobals) = postSolution
		SolutionGuid = {C97D66D5-14D3-417F-A522-F0FF9207295B}
	EndGlobalSection
EndGlobal
