
Microsoft Visual Studio Solution File, Format Version 12.00
# Visual Studio Version 16
VisualStudioVersion = 16.0.29215.179
MinimumVisualStudioVersion = 10.0.40219.1
Project("{8BC9CEB8-8B4A-11D0-8D11-00A0C91BC942}") = "BASIC155", "BASIC155\BASIC155.vcxproj", "{AE81AFF4-6514-42F7-B526-9FB59D1D1E4F}"
EndProject
Global
	GlobalSection(SolutionConfigurationPlatforms) = preSolution
		Debug|x64 = Debug|x64
		Debug|x86 = Debug|x86
		Release|x64 = Release|x64
		Release|x86 = Release|x86
	EndGlobalSection
	GlobalSection(ProjectConfigurationPlatforms) = postSolution
		{AE81AFF4-6514-42F7-B526-9FB59D1D1E4F}.Debug|x64.ActiveCfg = Debug|x64
		{AE81AFF4-6514-42F7-B526-9FB59D1D1E4F}.Debug|x64.Build.0 = Debug|x64
		{AE81AFF4-6514-42F7-B526-9FB59D1D1E4F}.Debug|x86.ActiveCfg = Debug|Win32
		{AE81AFF4-6514-42F7-B526-9FB59D1D1E4F}.Debug|x86.Build.0 = Debug|Win32
		{AE81AFF4-6514-42F7-B526-9FB59D1D1E4F}.Release|x64.ActiveCfg = Release|x64
		{AE81AFF4-6514-42F7-B526-9FB59D1D1E4F}.Release|x64.Build.0 = Release|x64
		{AE81AFF4-6514-42F7-B526-9FB59D1D1E4F}.Release|x86.ActiveCfg = Release|Win32
		{AE81AFF4-6514-42F7-B526-9FB59D1D1E4F}.Release|x86.Build.0 = Release|Win32
	EndGlobalSection
	GlobalSection(SolutionProperties) = preSolution
		HideSolutionNode = FALSE
	EndGlobalSection
	GlobalSection(ExtensibilityGlobals) = postSolution
		SolutionGuid = {27E988B8-EA8D-441F-B671-0FF0222D940F}
	EndGlobalSection
EndGlobal
