
Microsoft Visual Studio Solution File, Format Version 12.00
# Visual Studio Version 16
VisualStudioVersion = 16.0.29215.179
MinimumVisualStudioVersion = 10.0.40219.1
Project("{8BC9CEB8-8B4A-11D0-8D11-00A0C91BC942}") = "Chaper06 BubblesortV2", "Chaper06 BubblesortV2\Chaper06 BubblesortV2.vcxproj", "{EE6E9A48-31C5-49B9-9CA3-976609E56200}"
EndProject
Global
	GlobalSection(SolutionConfigurationPlatforms) = preSolution
		Debug|x64 = Debug|x64
		Debug|x86 = Debug|x86
		Release|x64 = Release|x64
		Release|x86 = Release|x86
	EndGlobalSection
	GlobalSection(ProjectConfigurationPlatforms) = postSolution
		{EE6E9A48-31C5-49B9-9CA3-976609E56200}.Debug|x64.ActiveCfg = Debug|x64
		{EE6E9A48-31C5-49B9-9CA3-976609E56200}.Debug|x64.Build.0 = Debug|x64
		{EE6E9A48-31C5-49B9-9CA3-976609E56200}.Debug|x86.ActiveCfg = Debug|Win32
		{EE6E9A48-31C5-49B9-9CA3-976609E56200}.Debug|x86.Build.0 = Debug|Win32
		{EE6E9A48-31C5-49B9-9CA3-976609E56200}.Release|x64.ActiveCfg = Release|x64
		{EE6E9A48-31C5-49B9-9CA3-976609E56200}.Release|x64.Build.0 = Release|x64
		{EE6E9A48-31C5-49B9-9CA3-976609E56200}.Release|x86.ActiveCfg = Release|Win32
		{EE6E9A48-31C5-49B9-9CA3-976609E56200}.Release|x86.Build.0 = Release|Win32
	EndGlobalSection
	GlobalSection(SolutionProperties) = preSolution
		HideSolutionNode = FALSE
	EndGlobalSection
	GlobalSection(ExtensibilityGlobals) = postSolution
		SolutionGuid = {E78EA33B-8DE5-4A28-859A-9C7F51809E32}
	EndGlobalSection
EndGlobal
