
Microsoft Visual Studio Solution File, Format Version 12.00
# Visual Studio Version 16
VisualStudioVersion = 16.0.29411.108
MinimumVisualStudioVersion = 10.0.40219.1
Project("{8BC9CEB8-8B4A-11D0-8D11-00A0C91BC942}") = "StaticMember", "StaticMember\StaticMember.vcxproj", "{970A150D-427F-4934-978D-E0EB3389F44D}"
EndProject
Global
	GlobalSection(SolutionConfigurationPlatforms) = preSolution
		Debug|x64 = Debug|x64
		Debug|x86 = Debug|x86
		Release|x64 = Release|x64
		Release|x86 = Release|x86
	EndGlobalSection
	GlobalSection(ProjectConfigurationPlatforms) = postSolution
		{970A150D-427F-4934-978D-E0EB3389F44D}.Debug|x64.ActiveCfg = Debug|x64
		{970A150D-427F-4934-978D-E0EB3389F44D}.Debug|x64.Build.0 = Debug|x64
		{970A150D-427F-4934-978D-E0EB3389F44D}.Debug|x86.ActiveCfg = Debug|Win32
		{970A150D-427F-4934-978D-E0EB3389F44D}.Debug|x86.Build.0 = Debug|Win32
		{970A150D-427F-4934-978D-E0EB3389F44D}.Release|x64.ActiveCfg = Release|x64
		{970A150D-427F-4934-978D-E0EB3389F44D}.Release|x64.Build.0 = Release|x64
		{970A150D-427F-4934-978D-E0EB3389F44D}.Release|x86.ActiveCfg = Release|Win32
		{970A150D-427F-4934-978D-E0EB3389F44D}.Release|x86.Build.0 = Release|Win32
	EndGlobalSection
	GlobalSection(SolutionProperties) = preSolution
		HideSolutionNode = FALSE
	EndGlobalSection
	GlobalSection(ExtensibilityGlobals) = postSolution
		SolutionGuid = {6E74613F-029D-47E2-A973-014D314CD09E}
	EndGlobalSection
EndGlobal
