
Microsoft Visual Studio Solution File, Format Version 12.00
# Visual Studio Version 16
VisualStudioVersion = 16.0.29411.108
MinimumVisualStudioVersion = 10.0.40219.1
Project("{8BC9CEB8-8B4A-11D0-8D11-00A0C91BC942}") = "NeedGlobal", "NeedGlobal\NeedGlobal.vcxproj", "{B525B8C9-7BF8-435E-8DE8-5DF577F65C49}"
EndProject
Global
	GlobalSection(SolutionConfigurationPlatforms) = preSolution
		Debug|x64 = Debug|x64
		Debug|x86 = Debug|x86
		Release|x64 = Release|x64
		Release|x86 = Release|x86
	EndGlobalSection
	GlobalSection(ProjectConfigurationPlatforms) = postSolution
		{B525B8C9-7BF8-435E-8DE8-5DF577F65C49}.Debug|x64.ActiveCfg = Debug|x64
		{B525B8C9-7BF8-435E-8DE8-5DF577F65C49}.Debug|x64.Build.0 = Debug|x64
		{B525B8C9-7BF8-435E-8DE8-5DF577F65C49}.Debug|x86.ActiveCfg = Debug|Win32
		{B525B8C9-7BF8-435E-8DE8-5DF577F65C49}.Debug|x86.Build.0 = Debug|Win32
		{B525B8C9-7BF8-435E-8DE8-5DF577F65C49}.Release|x64.ActiveCfg = Release|x64
		{B525B8C9-7BF8-435E-8DE8-5DF577F65C49}.Release|x64.Build.0 = Release|x64
		{B525B8C9-7BF8-435E-8DE8-5DF577F65C49}.Release|x86.ActiveCfg = Release|Win32
		{B525B8C9-7BF8-435E-8DE8-5DF577F65C49}.Release|x86.Build.0 = Release|Win32
	EndGlobalSection
	GlobalSection(SolutionProperties) = preSolution
		HideSolutionNode = FALSE
	EndGlobalSection
	GlobalSection(ExtensibilityGlobals) = postSolution
		SolutionGuid = {3612EE32-9FCF-476F-9DDA-FA46B4808305}
	EndGlobalSection
EndGlobal
