
Microsoft Visual Studio Solution File, Format Version 12.00
# Visual Studio Version 16
VisualStudioVersion = 16.0.29201.188
MinimumVisualStudioVersion = 10.0.40219.1
Project("{8BC9CEB8-8B4A-11D0-8D11-00A0C91BC942}") = "HOEMWORK249", "HOEMWORK249\HOEMWORK249.vcxproj", "{F3EAF922-7DB5-4D7C-8E26-2BCB46FD3ED8}"
EndProject
Global
	GlobalSection(SolutionConfigurationPlatforms) = preSolution
		Debug|x64 = Debug|x64
		Debug|x86 = Debug|x86
		Release|x64 = Release|x64
		Release|x86 = Release|x86
	EndGlobalSection
	GlobalSection(ProjectConfigurationPlatforms) = postSolution
		{F3EAF922-7DB5-4D7C-8E26-2BCB46FD3ED8}.Debug|x64.ActiveCfg = Debug|x64
		{F3EAF922-7DB5-4D7C-8E26-2BCB46FD3ED8}.Debug|x64.Build.0 = Debug|x64
		{F3EAF922-7DB5-4D7C-8E26-2BCB46FD3ED8}.Debug|x86.ActiveCfg = Debug|Win32
		{F3EAF922-7DB5-4D7C-8E26-2BCB46FD3ED8}.Debug|x86.Build.0 = Debug|Win32
		{F3EAF922-7DB5-4D7C-8E26-2BCB46FD3ED8}.Release|x64.ActiveCfg = Release|x64
		{F3EAF922-7DB5-4D7C-8E26-2BCB46FD3ED8}.Release|x64.Build.0 = Release|x64
		{F3EAF922-7DB5-4D7C-8E26-2BCB46FD3ED8}.Release|x86.ActiveCfg = Release|Win32
		{F3EAF922-7DB5-4D7C-8E26-2BCB46FD3ED8}.Release|x86.Build.0 = Release|Win32
	EndGlobalSection
	GlobalSection(SolutionProperties) = preSolution
		HideSolutionNode = FALSE
	EndGlobalSection
	GlobalSection(ExtensibilityGlobals) = postSolution
		SolutionGuid = {B36793AF-1B8E-49C4-BB34-077B3A68985D}
	EndGlobalSection
EndGlobal
